// !$*UTF8*$!
{
	archiveVersion = 1;
	classes = {
	};
	objectVersion = 46;
	objects = {

/* Begin PBXBuildFile section */
		C4DBFD2A196BD8FF00182E90 /* Foundation.framework in Frameworks */ = {isa = PBXBuildFile; fileRef = C4DBFD29196BD8FF00182E90 /* Foundation.framework */; };
		C4DBFD2C196BD8FF00182E90 /* CoreGraphics.framework in Frameworks */ = {isa = PBXBuildFile; fileRef = C4DBFD2B196BD8FF00182E90 /* CoreGraphics.framework */; };
		C4DBFD2E196BD8FF00182E90 /* UIKit.framework in Frameworks */ = {isa = PBXBuildFile; fileRef = C4DBFD2D196BD8FF00182E90 /* UIKit.framework */; };
		C4DBFD34196BD8FF00182E90 /* InfoPlist.strings in Resources */ = {isa = PBXBuildFile; fileRef = C4DBFD32196BD8FF00182E90 /* InfoPlist.strings */; };
		C4DBFD36196BD8FF00182E90 /* main.m in Sources */ = {isa = PBXBuildFile; fileRef = C4DBFD35196BD8FF00182E90 /* main.m */; };
		C4DBFD3A196BD8FF00182E90 /* GpjAppDelegate.m in Sources */ = {isa = PBXBuildFile; fileRef = C4DBFD39196BD8FF00182E90 /* GpjAppDelegate.m */; };
		C4DBFD3D196BD8FF00182E90 /* Main.storyboard in Resources */ = {isa = PBXBuildFile; fileRef = C4DBFD3B196BD8FF00182E90 /* Main.storyboard */; };
		C4DBFD40196BD8FF00182E90 /* GpjViewController.m in Sources */ = {isa = PBXBuildFile; fileRef = C4DBFD3F196BD8FF00182E90 /* GpjViewController.m */; };
		C4DBFD42196BD8FF00182E90 /* Images.xcassets in Resources */ = {isa = PBXBuildFile; fileRef = C4DBFD41196BD8FF00182E90 /* Images.xcassets */; };
		C4DBFD49196BD8FF00182E90 /* XCTest.framework in Frameworks */ = {isa = PBXBuildFile; fileRef = C4DBFD48196BD8FF00182E90 /* XCTest.framework */; };
		C4DBFD4A196BD8FF00182E90 /* Foundation.framework in Frameworks */ = {isa = PBXBuildFile; fileRef = C4DBFD29196BD8FF00182E90 /* Foundation.framework */; };
		C4DBFD4B196BD8FF00182E90 /* UIKit.framework in Frameworks */ = {isa = PBXBuildFile; fileRef = C4DBFD2D196BD8FF00182E90 /* UIKit.framework */; };
		C4DBFD53196BD8FF00182E90 /* InfoPlist.strings in Resources */ = {isa = PBXBuildFile; fileRef = C4DBFD51196BD8FF00182E90 /* InfoPlist.strings */; };
		C4DBFD55196BD8FF00182E90 /* UndoTests.m in Sources */ = {isa = PBXBuildFile; fileRef = C4DBFD54196BD8FF00182E90 /* UndoTests.m */; };
/* End PBXBuildFile section */

/* Begin PBXContainerItemProxy section */
		C4DBFD4C196BD8FF00182E90 /* PBXContainerItemProxy */ = {
			isa = PBXContainerItemProxy;
			containerPortal = C4DBFD1E196BD8FF00182E90 /* Project object */;
			proxyType = 1;
			remoteGlobalIDString = C4DBFD25196BD8FF00182E90;
			remoteInfo = Undo;
		};
/* End PBXContainerItemProxy section */

/* Begin PBXFileReference section */
		C4DBFD26196BD8FF00182E90 /* Undo.app */ = {isa = PBXFileReference; explicitFileType = wrapper.application; includeInIndex = 0; path = Undo.app; sourceTree = BUILT_PRODUCTS_DIR; };
		C4DBFD29196BD8FF00182E90 /* Foundation.framework */ = {isa = PBXFileReference; lastKnownFileType = wrapper.framework; name = Foundation.framework; path = System/Library/Frameworks/Foundation.framework; sourceTree = SDKROOT; };
		C4DBFD2B196BD8FF00182E90 /* CoreGraphics.framework */ = {isa = PBXFileReference; lastKnownFileType = wrapper.framework; name = CoreGraphics.framework; path = System/Library/Frameworks/CoreGraphics.framework; sourceTree = SDKROOT; };
		C4DBFD2D196BD8FF00182E90 /* UIKit.framework */ = {isa = PBXFileReference; lastKnownFileType = wrapper.framework; name = UIKit.framework; path = System/Library/Frameworks/UIKit.framework; sourceTree = SDKROOT; };
		C4DBFD31196BD8FF00182E90 /* Undo-Info.plist */ = {isa = PBXFileReference; lastKnownFileType = text.plist.xml; path = "Undo-Info.plist"; sourceTree = "<group>"; };
		C4DBFD33196BD8FF00182E90 /* en */ = {isa = PBXFileReference; lastKnownFileType = text.plist.strings; name = en; path = en.lproj/InfoPlist.strings; sourceTree = "<group>"; };
		C4DBFD35196BD8FF00182E90 /* main.m */ = {isa = PBXFileReference; lastKnownFileType = sourcecode.c.objc; path = main.m; sourceTree = "<group>"; };
		C4DBFD37196BD8FF00182E90 /* Undo-Prefix.pch */ = {isa = PBXFileReference; lastKnownFileType = sourcecode.c.h; path = "Undo-Prefix.pch"; sourceTree = "<group>"; };
		C4DBFD38196BD8FF00182E90 /* GpjAppDelegate.h */ = {isa = PBXFileReference; lastKnownFileType = sourcecode.c.h; path = GpjAppDelegate.h; sourceTree = "<group>"; };
		C4DBFD39196BD8FF00182E90 /* GpjAppDelegate.m */ = {isa = PBXFileReference; lastKnownFileType = sourcecode.c.objc; path = GpjAppDelegate.m; sourceTree = "<group>"; };
		C4DBFD3C196BD8FF00182E90 /* Base */ = {isa = PBXFileReference; lastKnownFileType = file.storyboard; name = Base; path = Base.lproj/Main.storyboard; sourceTree = "<group>"; };
		C4DBFD3E196BD8FF00182E90 /* GpjViewController.h */ = {isa = PBXFileReference; lastKnownFileType = sourcecode.c.h; path = GpjViewController.h; sourceTree = "<group>"; };
		C4DBFD3F196BD8FF00182E90 /* GpjViewController.m */ = {isa = PBXFileReference; lastKnownFileType = sourcecode.c.objc; path = GpjViewController.m; sourceTree = "<group>"; };
		C4DBFD41196BD8FF00182E90 /* Images.xcassets */ = {isa = PBXFileReference; lastKnownFileType = folder.assetcatalog; path = Images.xcassets; sourceTree = "<group>"; };
		C4DBFD47196BD8FF00182E90 /* UndoTests.xctest */ = {isa = PBXFileReference; explicitFileType = wrapper.cfbundle; includeInIndex = 0; path = UndoTests.xctest; sourceTree = BUILT_PRODUCTS_DIR; };
		C4DBFD48196BD8FF00182E90 /* XCTest.framework */ = {isa = PBXFileReference; lastKnownFileType = wrapper.framework; name = XCTest.framework; path = Library/Frameworks/XCTest.framework; sourceTree = DEVELOPER_DIR; };
		C4DBFD50196BD8FF00182E90 /* UndoTests-Info.plist */ = {isa = PBXFileReference; lastKnownFileType = text.plist.xml; path = "UndoTests-Info.plist"; sourceTree = "<group>"; };
		C4DBFD52196BD8FF00182E90 /* en */ = {isa = PBXFileReference; lastKnownFileType = text.plist.strings; name = en; path = en.lproj/InfoPlist.strings; sourceTree = "<group>"; };
		C4DBFD54196BD8FF00182E90 /* UndoTests.m */ = {isa = PBXFileReference; lastKnownFileType = sourcecode.c.objc; path = UndoTests.m; sourceTree = "<group>"; };
/* End PBXFileReference section */

/* Begin PBXFrameworksBuildPhase section */
		C4DBFD23196BD8FF00182E90 /* Frameworks */ = {
			isa = PBXFrameworksBuildPhase;
			buildActionMask = 2147483647;
			files = (
				C4DBFD2C196BD8FF00182E90 /* CoreGraphics.framework in Frameworks */,
				C4DBFD2E196BD8FF00182E90 /* UIKit.framework in Frameworks */,
				C4DBFD2A196BD8FF00182E90 /* Foundation.framework in Frameworks */,
			);
			runOnlyForDeploymentPostprocessing = 0;
		};
		C4DBFD44196BD8FF00182E90 /* Frameworks */ = {
			isa = PBXFrameworksBuildPhase;
			buildActionMask = 2147483647;
			files = (
				C4DBFD49196BD8FF00182E90 /* XCTest.framework in Frameworks */,
				C4DBFD4B196BD8FF00182E90 /* UIKit.framework in Frameworks */,
				C4DBFD4A196BD8FF00182E90 /* Foundation.framework in Frameworks */,
			);
			runOnlyForDeploymentPostprocessing = 0;
		};
/* End PBXFrameworksBuildPhase section */

/* Begin PBXGroup section */
		C4DBFD1D196BD8FF00182E90 = {
			isa = PBXGroup;
			children = (
				C4DBFD2F196BD8FF00182E90 /* Undo */,
				C4DBFD4E196BD8FF00182E90 /* UndoTests */,
				C4DBFD28196BD8FF00182E90 /* Frameworks */,
				C4DBFD27196BD8FF00182E90 /* Products */,
			);
			sourceTree = "<group>";
		};
		C4DBFD27196BD8FF00182E90 /* Products */ = {
			isa = PBXGroup;
			children = (
				C4DBFD26196BD8FF00182E90 /* Undo.app */,
				C4DBFD47196BD8FF00182E90 /* UndoTests.xctest */,
			);
			name = Products;
			sourceTree = "<group>";
		};
		C4DBFD28196BD8FF00182E90 /* Frameworks */ = {
			isa = PBXGroup;
			children = (
				C4DBFD29196BD8FF00182E90 /* Foundation.framework */,
				C4DBFD2B196BD8FF00182E90 /* CoreGraphics.framework */,
				C4DBFD2D196BD8FF00182E90 /* UIKit.framework */,
				C4DBFD48196BD8FF00182E90 /* XCTest.framework */,
			);
			name = Frameworks;
			sourceTree = "<group>";
		};
		C4DBFD2F196BD8FF00182E90 /* Undo */ = {
			isa = PBXGroup;
			children = (
				C4DBFD38196BD8FF00182E90 /* GpjAppDelegate.h */,
				C4DBFD39196BD8FF00182E90 /* GpjAppDelegate.m */,
				C4DBFD3B196BD8FF00182E90 /* Main.storyboard */,
				C4DBFD3E196BD8FF00182E90 /* GpjViewController.h */,
				C4DBFD3F196BD8FF00182E90 /* GpjViewController.m */,
				C4DBFD41196BD8FF00182E90 /* Images.xcassets */,
				C4DBFD30196BD8FF00182E90 /* Supporting Files */,
			);
			path = Undo;
			sourceTree = "<group>";
		};
		C4DBFD30196BD8FF00182E90 /* Supporting Files */ = {
			isa = PBXGroup;
			children = (
				C4DBFD31196BD8FF00182E90 /* Undo-Info.plist */,
				C4DBFD32196BD8FF00182E90 /* InfoPlist.strings */,
				C4DBFD35196BD8FF00182E90 /* main.m */,
				C4DBFD37196BD8FF00182E90 /* Undo-Prefix.pch */,
			);
			name = "Supporting Files";
			sourceTree = "<group>";
		};
		C4DBFD4E196BD8FF00182E90 /* UndoTests */ = {
			isa = PBXGroup;
			children = (
				C4DBFD54196BD8FF00182E90 /* UndoTests.m */,
				C4DBFD4F196BD8FF00182E90 /* Supporting Files */,
			);
			path = UndoTests;
			sourceTree = "<group>";
		};
		C4DBFD4F196BD8FF00182E90 /* Supporting Files */ = {
			isa = PBXGroup;
			children = (
				C4DBFD50196BD8FF00182E90 /* UndoTests-Info.plist */,
				C4DBFD51196BD8FF00182E90 /* InfoPlist.strings */,
			);
			name = "Supporting Files";
			sourceTree = "<group>";
		};
/* End PBXGroup section */

/* Begin PBXNativeTarget section */
		C4DBFD25196BD8FF00182E90 /* Undo */ = {
			isa = PBXNativeTarget;
			buildConfigurationList = C4DBFD58196BD8FF00182E90 /* Build configuration list for PBXNativeTarget "Undo" */;
			buildPhases = (
				C4DBFD22196BD8FF00182E90 /* Sources */,
				C4DBFD23196BD8FF00182E90 /* Frameworks */,
				C4DBFD24196BD8FF00182E90 /* Resources */,
			);
			buildRules = (
			);
			dependencies = (
			);
			name = Undo;
			productName = Undo;
			productReference = C4DBFD26196BD8FF00182E90 /* Undo.app */;
			productType = "com.apple.product-type.application";
		};
		C4DBFD46196BD8FF00182E90 /* UndoTests */ = {
			isa = PBXNativeTarget;
			buildConfigurationList = C4DBFD5B196BD8FF00182E90 /* Build configuration list for PBXNativeTarget "UndoTests" */;
			buildPhases = (
				C4DBFD43196BD8FF00182E90 /* Sources */,
				C4DBFD44196BD8FF00182E90 /* Frameworks */,
				C4DBFD45196BD8FF00182E90 /* Resources */,
			);
			buildRules = (
			);
			dependencies = (
				C4DBFD4D196BD8FF00182E90 /* PBXTargetDependency */,
			);
			name = UndoTests;
			productName = UndoTests;
			productReference = C4DBFD47196BD8FF00182E90 /* UndoTests.xctest */;
			productType = "com.apple.product-type.bundle.unit-test";
		};
/* End PBXNativeTarget section */

/* Begin PBXProject section */
		C4DBFD1E196BD8FF00182E90 /* Project object */ = {
			isa = PBXProject;
			attributes = {
				CLASSPREFIX = Gpj;
				LastUpgradeCheck = 0510;
				ORGANIZATIONNAME = gongpengjun.com;
				TargetAttributes = {
					C4DBFD46196BD8FF00182E90 = {
						TestTargetID = C4DBFD25196BD8FF00182E90;
					};
				};
			};
			buildConfigurationList = C4DBFD21196BD8FF00182E90 /* Build configuration list for PBXProject "Undo" */;
			compatibilityVersion = "Xcode 3.2";
			developmentRegion = English;
			hasScannedForEncodings = 0;
			knownRegions = (
				en,
				Base,
			);
			mainGroup = C4DBFD1D196BD8FF00182E90;
			productRefGroup = C4DBFD27196BD8FF00182E90 /* Products */;
			projectDirPath = "";
			projectRoot = "";
			targets = (
				C4DBFD25196BD8FF00182E90 /* Undo */,
				C4DBFD46196BD8FF00182E90 /* UndoTests */,
			);
		};
/* End PBXProject section */

/* Begin PBXResourcesBuildPhase section */
		C4DBFD24196BD8FF00182E90 /* Resources */ = {
			isa = PBXResourcesBuildPhase;
			buildActionMask = 2147483647;
			files = (
				C4DBFD42196BD8FF00182E90 /* Images.xcassets in Resources */,
				C4DBFD34196BD8FF00182E90 /* InfoPlist.strings in Resources */,
				C4DBFD3D196BD8FF00182E90 /* Main.storyboard in Resources */,
			);
			runOnlyForDeploymentPostprocessing = 0;
		};
		C4DBFD45196BD8FF00182E90 /* Resources */ = {
			isa = PBXResourcesBuildPhase;
			buildActionMask = 2147483647;
			files = (
				C4DBFD53196BD8FF00182E90 /* InfoPlist.strings in Resources */,
			);
			runOnlyForDeploymentPostprocessing = 0;
		};
/* End PBXResourcesBuildPhase section */

/* Begin PBXSourcesBuildPhase section */
		C4DBFD22196BD8FF00182E90 /* Sources */ = {
			isa = PBXSourcesBuildPhase;
			buildActionMask = 2147483647;
			files = (
				C4DBFD3A196BD8FF00182E90 /* GpjAppDelegate.m in Sources */,
				C4DBFD36196BD8FF00182E90 /* main.m in Sources */,
				C4DBFD40196BD8FF00182E90 /* GpjViewController.m in Sources */,
			);
			runOnlyForDeploymentPostprocessing = 0;
		};
		C4DBFD43196BD8FF00182E90 /* Sources */ = {
			isa = PBXSourcesBuildPhase;
			buildActionMask = 2147483647;
			files = (
				C4DBFD55196BD8FF00182E90 /* UndoTests.m in Sources */,
			);
			runOnlyForDeploymentPostprocessing = 0;
		};
/* End PBXSourcesBuildPhase section */

/* Begin PBXTargetDependency section */
		C4DBFD4D196BD8FF00182E90 /* PBXTargetDependency */ = {
			isa = PBXTargetDependency;
			target = C4DBFD25196BD8FF00182E90 /* Undo */;
			targetProxy = C4DBFD4C196BD8FF00182E90 /* PBXContainerItemProxy */;
		};
/* End PBXTargetDependency section */

/* Begin PBXVariantGroup section */
		C4DBFD32196BD8FF00182E90 /* InfoPlist.strings */ = {
			isa = PBXVariantGroup;
			children = (
				C4DBFD33196BD8FF00182E90 /* en */,
			);
			name = InfoPlist.strings;
			sourceTree = "<group>";
		};
		C4DBFD3B196BD8FF00182E90 /* Main.storyboard */ = {
			isa = PBXVariantGroup;
			children = (
				C4DBFD3C196BD8FF00182E90 /* Base */,
			);
			name = Main.storyboard;
			sourceTree = "<group>";
		};
		C4DBFD51196BD8FF00182E90 /* InfoPlist.strings */ = {
			isa = PBXVariantGroup;
			children = (
				C4DBFD52196BD8FF00182E90 /* en */,
			);
			name = InfoPlist.strings;
			sourceTree = "<group>";
		};
/* End PBXVariantGroup section */

/* Begin XCBuildConfiguration section */
		C4DBFD56196BD8FF00182E90 /* Debug */ = {
			isa = XCBuildConfiguration;
			buildSettings = {
				ALWAYS_SEARCH_USER_PATHS = NO;
				CLANG_CXX_LANGUAGE_STANDARD = "gnu++0x";
				CLANG_CXX_LIBRARY = "libc++";
				CLANG_ENABLE_MODULES = YES;
				CLANG_ENABLE_OBJC_ARC = YES;
				CLANG_WARN_BOOL_CONVERSION = YES;
				CLANG_WARN_CONSTANT_CONVERSION = YES;
				CLANG_WARN_DIRECT_OBJC_ISA_USAGE = YES_ERROR;
				CLANG_WARN_EMPTY_BODY = YES;
				CLANG_WARN_ENUM_CONVERSION = YES;
				CLANG_WARN_INT_CONVERSION = YES;
				CLANG_WARN_OBJC_ROOT_CLASS = YES_ERROR;
				CLANG_WARN__DUPLICATE_METHOD_MATCH = YES;
				"CODE_SIGN_IDENTITY[sdk=iphoneos*]" = "iPhone Developer";
				COPY_PHASE_STRIP = NO;
				GCC_C_LANGUAGE_STANDARD = gnu99;
				GCC_DYNAMIC_NO_PIC = NO;
				GCC_OPTIMIZATION_LEVEL = 0;
				GCC_PREPROCESSOR_DEFINITIONS = (
					"DEBUG=1",
					"$(inherited)",
				);
				GCC_SYMBOLS_PRIVATE_EXTERN = NO;
				GCC_WARN_64_TO_32_BIT_CONVERSION = YES;
				GCC_WARN_ABOUT_RETURN_TYPE = YES_ERROR;
				GCC_WARN_UNDECLARED_SELECTOR = YES;
				GCC_WARN_UNINITIALIZED_AUTOS = YES_AGGRESSIVE;
				GCC_WARN_UNUSED_FUNCTION = YES;
				GCC_WARN_UNUSED_VARIABLE = YES;
				IPHONEOS_DEPLOYMENT_TARGET = 7.1;
				ONLY_ACTIVE_ARCH = YES;
				SDKROOT = iphoneos;
			};
			name = Debug;
		};
		C4DBFD57196BD8FF00182E90 /* Release */ = {
			isa = XCBuildConfiguration;
			buildSettings = {
				ALWAYS_SEARCH_USER_PATHS = NO;
				CLANG_CXX_LANGUAGE_STANDARD = "gnu++0x";
				CLANG_CXX_LIBRARY = "libc++";
				CLANG_ENABLE_MODULES = YES;
				CLANG_ENABLE_OBJC_ARC = YES;
				CLANG_WARN_BOOL_CONVERSION = YES;
				CLANG_WARN_CONSTANT_CONVERSION = YES;
				CLANG_WARN_DIRECT_OBJC_ISA_USAGE = YES_ERROR;
				CLANG_WARN_EMPTY_BODY = YES;
				CLANG_WARN_ENUM_CONVERSION = YES;
				CLANG_WARN_INT_CONVERSION = YES;
				CLANG_WARN_OBJC_ROOT_CLASS = YES_ERROR;
				CLANG_WARN__DUPLICATE_METHOD_MATCH = YES;
				"CODE_SIGN_IDENTITY[sdk=iphoneos*]" = "iPhone Developer";
				COPY_PHASE_STRIP = YES;
				ENABLE_NS_ASSERTIONS = NO;
				GCC_C_LANGUAGE_STANDARD = gnu99;
				GCC_WARN_64_TO_32_BIT_CONVERSION = YES;
				GCC_WARN_ABOUT_RETURN_TYPE = YES_ERROR;
				GCC_WARN_UNDECLARED_SELECTOR = YES;
				GCC_WARN_UNINITIALIZED_AUTOS = YES_AGGRESSIVE;
				GCC_WARN_UNUSED_FUNCTION = YES;
				GCC_WARN_UNUSED_VARIABLE = YES;
				IPHONEOS_DEPLOYMENT_TARGET = 7.1;
				SDKROOT = iphoneos;
				VALIDATE_PRODUCT = YES;
			};
			name = Release;
		};
		C4DBFD59196BD8FF00182E90 /* Debug */ = {
			isa = XCBuildConfiguration;
			buildSettings = {
				ASSETCATALOG_COMPILER_APPICON_NAME = AppIcon;
				ASSETCATALOG_COMPILER_LAUNCHIMAGE_NAME = LaunchImage;
				GCC_PRECOMPILE_PREFIX_HEADER = YES;
				GCC_PREFIX_HEADER = "Undo/Undo-Prefix.pch";
				INFOPLIST_FILE = "Undo/Undo-Info.plist";
				PRODUCT_NAME = "$(TARGET_NAME)";
				WRAPPER_EXTENSION = app;
			};
			name = Debug;
		};
		C4DBFD5A196BD8FF00182E90 /* Release */ = {
			isa = XCBuildConfiguration;
			buildSettings = {
				ASSETCATALOG_COMPILER_APPICON_NAME = AppIcon;
				ASSETCATALOG_COMPILER_LAUNCHIMAGE_NAME = LaunchImage;
				GCC_PRECOMPILE_PREFIX_HEADER = YES;
				GCC_PREFIX_HEADER = "Undo/Undo-Prefix.pch";
				INFOPLIST_FILE = "Undo/Undo-Info.plist";
				PRODUCT_NAME = "$(TARGET_NAME)";
				WRAPPER_EXTENSION = app;
			};
			name = Release;
		};
		C4DBFD5C196BD8FF00182E90 /* Debug */ = {
			isa = XCBuildConfiguration;
			buildSettings = {
				BUNDLE_LOADER = "$(BUILT_PRODUCTS_DIR)/Undo.app/Undo";
				FRAMEWORK_SEARCH_PATHS = (
					"$(SDKROOT)/Developer/Library/Frameworks",
					"$(inherited)",
					"$(DEVELOPER_FRAMEWORKS_DIR)",
				);
				GCC_PRECOMPILE_PREFIX_HEADER = YES;
				GCC_PREFIX_HEADER = "Undo/Undo-Prefix.pch";
				GCC_PREPROCESSOR_DEFINITIONS = (
					"DEBUG=1",
					"$(inherited)",
				);
				INFOPLIST_FILE = "UndoTests/UndoTests-Info.plist";
				PRODUCT_NAME = "$(TARGET_NAME)";
				TEST_HOST = "$(BUNDLE_LOADER)";
				WRAPPER_EXTENSION = xctest;
			};
			name = Debug;
		};
		C4DBFD5D196BD8FF00182E90 /* Release */ = {
			isa = XCBuildConfiguration;
			buildSettings = {
				BUNDLE_LOADER = "$(BUILT_PRODUCTS_DIR)/Undo.app/Undo";
				FRAMEWORK_SEARCH_PATHS = (
					"$(SDKROOT)/Developer/Library/Frameworks",
					"$(inherited)",
					"$(DEVELOPER_FRAMEWORKS_DIR)",
				);
				GCC_PRECOMPILE_PREFIX_HEADER = YES;
				GCC_PREFIX_HEADER = "Undo/Undo-Prefix.pch";
				INFOPLIST_FILE = "UndoTests/UndoTests-Info.plist";
				PRODUCT_NAME = "$(TARGET_NAME)";
				TEST_HOST = "$(BUNDLE_LOADER)";
				WRAPPER_EXTENSION = xctest;
			};
			name = Release;
		};
/* End XCBuildConfiguration section */

/* Begin XCConfigurationList section */
		C4DBFD21196BD8FF00182E90 /* Build configuration list for PBXProject "Undo" */ = {
			isa = XCConfigurationList;
			buildConfigurations = (
				C4DBFD56196BD8FF00182E90 /* Debug */,
				C4DBFD57196BD8FF00182E90 /* Release */,
			);
			defaultConfigurationIsVisible = 0;
			defaultConfigurationName = Release;
		};
		C4DBFD58196BD8FF00182E90 /* Build configuration list for PBXNativeTarget "Undo" */ = {
			isa = XCConfigurationList;
			buildConfigurations = (
				C4DBFD59196BD8FF00182E90 /* Debug */,
				C4DBFD5A196BD8FF00182E90 /* Release */,
			);
			defaultConfigurationIsVisible = 0;
		};
		C4DBFD5B196BD8FF00182E90 /* Build configuration list for PBXNativeTarget "UndoTests" */ = {
			isa = XCConfigurationList;
			buildConfigurations = (
				C4DBFD5C196BD8FF00182E90 /* Debug */,
				C4DBFD5D196BD8FF00182E90 /* Release */,
			);
			defaultConfigurationIsVisible = 0;
		};
/* End XCConfigurationList section */
	};
	rootObject = C4DBFD1E196BD8FF00182E90 /* Project object */;
}
